
Microsoft Visual Studio Solution File, Format Version 12.00
# Visual Studio Version 16
VisualStudioVersion = 16.0.31729.503
MinimumVisualStudioVersion = 10.0.40219.1
Project("{8BC9CEB8-8B4A-11D0-8D11-00A0C91BC942}") = "Project2", "Project2\Project2.vcxproj", "{617AC62F-2E0F-4D21-AE81-670304EACE60}"
EndProject
Global
	GlobalSection(SolutionConfigurationPlatforms) = preSolution
		Debug|x64 = Debug|x64
		Debug|x86 = Debug|x86
		Release|x64 = Release|x64
		Release|x86 = Release|x86
	EndGlobalSection
	GlobalSection(ProjectConfigurationPlatforms) = postSolution
		{617AC62F-2E0F-4D21-AE81-670304EACE60}.Debug|x64.ActiveCfg = Debug|x64
		{617AC62F-2E0F-4D21-AE81-670304EACE60}.Debug|x64.Build.0 = Debug|x64
		{617AC62F-2E0F-4D21-AE81-670304EACE60}.Debug|x86.ActiveCfg = Debug|Win32
		{617AC62F-2E0F-4D21-AE81-670304EACE60}.Debug|x86.Build.0 = Debug|Win32
		{617AC62F-2E0F-4D21-AE81-670304EACE60}.Release|x64.ActiveCfg = Release|x64
		{617AC62F-2E0F-4D21-AE81-670304EACE60}.Release|x64.Build.0 = Release|x64
		{617AC62F-2E0F-4D21-AE81-670304EACE60}.Release|x86.ActiveCfg = Release|Win32
		{617AC62F-2E0F-4D21-AE81-670304EACE60}.Release|x86.Build.0 = Release|Win32
	EndGlobalSection
	GlobalSection(SolutionProperties) = preSolution
		HideSolutionNode = FALSE
	EndGlobalSection
	GlobalSection(ExtensibilityGlobals) = postSolution
		SolutionGuid = {7811D1C9-267A-40C7-905D-9D71A95062D4}
	EndGlobalSection
EndGlobal
